
Microsoft Visual Studio Solution File, Format Version 12.00
# Visual Studio 14
VisualStudioVersion = 14.0.25420.1
MinimumVisualStudioVersion = 10.0.40219.1
Project("{FAE04EC0-301F-11D3-BF4B-00C04F79EFBC}") = "MVC9pmBatch", "MVC9pmBatch\MVC9pmBatch.csproj", "{F48B4A86-942D-4281-B494-9C8D17644645}"
EndProject
Project("{FAE04EC0-301F-11D3-BF4B-00C04F79EFBC}") = "MVcApp", "MVcApp\MVcApp.csproj", "{5EFB46D8-D682-42D3-9F06-E0B974B151CA}"
EndProject
Project("{FAE04EC0-301F-11D3-BF4B-00C04F79EFBC}") = "AdoNetProject", "AdoNetProject\AdoNetProject.csproj", "{4A79E1FC-142D-46A6-BE56-F0DD1A6050FE}"
EndProject
Project("{FAE04EC0-301F-11D3-BF4B-00C04F79EFBC}") = "CodeFirstApproach", "CodeFirstApproach\CodeFirstApproach.csproj", "{F2026E8D-0A73-4B20-AB55-C6885D0A44C2}"
EndProject
Project("{FAE04EC0-301F-11D3-BF4B-00C04F79EFBC}") = "ModelFirstApproach", "ModelFirstApproach\ModelFirstApproach.csproj", "{1408351A-28A7-452B-BD4E-49E8AC1B1F71}"
EndProject
Project("{FAE04EC0-301F-11D3-BF4B-00C04F79EFBC}") = "HandleErrorProject", "HandleErrorProject\HandleErrorProject.csproj", "{7A509E0E-D951-4D57-8779-3A4395E29F61}"
EndProject
Global
	GlobalSection(SolutionConfigurationPlatforms) = preSolution
		Debug|Any CPU = Debug|Any CPU
		Release|Any CPU = Release|Any CPU
	EndGlobalSection
	GlobalSection(ProjectConfigurationPlatforms) = postSolution
		{F48B4A86-942D-4281-B494-9C8D17644645}.Debug|Any CPU.ActiveCfg = Debug|Any CPU
		{F48B4A86-942D-4281-B494-9C8D17644645}.Debug|Any CPU.Build.0 = Debug|Any CPU
		{F48B4A86-942D-4281-B494-9C8D17644645}.Release|Any CPU.ActiveCfg = Release|Any CPU
		{F48B4A86-942D-4281-B494-9C8D17644645}.Release|Any CPU.Build.0 = Release|Any CPU
		{5EFB46D8-D682-42D3-9F06-E0B974B151CA}.Debug|Any CPU.ActiveCfg = Debug|Any CPU
		{5EFB46D8-D682-42D3-9F06-E0B974B151CA}.Debug|Any CPU.Build.0 = Debug|Any CPU
		{5EFB46D8-D682-42D3-9F06-E0B974B151CA}.Release|Any CPU.ActiveCfg = Release|Any CPU
		{5EFB46D8-D682-42D3-9F06-E0B974B151CA}.Release|Any CPU.Build.0 = Release|Any CPU
		{4A79E1FC-142D-46A6-BE56-F0DD1A6050FE}.Debug|Any CPU.ActiveCfg = Debug|Any CPU
		{4A79E1FC-142D-46A6-BE56-F0DD1A6050FE}.Debug|Any CPU.Build.0 = Debug|Any CPU
		{4A79E1FC-142D-46A6-BE56-F0DD1A6050FE}.Release|Any CPU.ActiveCfg = Release|Any CPU
		{4A79E1FC-142D-46A6-BE56-F0DD1A6050FE}.Release|Any CPU.Build.0 = Release|Any CPU
		{F2026E8D-0A73-4B20-AB55-C6885D0A44C2}.Debug|Any CPU.ActiveCfg = Debug|Any CPU
		{F2026E8D-0A73-4B20-AB55-C6885D0A44C2}.Debug|Any CPU.Build.0 = Debug|Any CPU
		{F2026E8D-0A73-4B20-AB55-C6885D0A44C2}.Release|Any CPU.ActiveCfg = Release|Any CPU
		{F2026E8D-0A73-4B20-AB55-C6885D0A44C2}.Release|Any CPU.Build.0 = Release|Any CPU
		{1408351A-28A7-452B-BD4E-49E8AC1B1F71}.Debug|Any CPU.ActiveCfg = Debug|Any CPU
		{1408351A-28A7-452B-BD4E-49E8AC1B1F71}.Debug|Any CPU.Build.0 = Debug|Any CPU
		{1408351A-28A7-452B-BD4E-49E8AC1B1F71}.Release|Any CPU.ActiveCfg = Release|Any CPU
		{1408351A-28A7-452B-BD4E-49E8AC1B1F71}.Release|Any CPU.Build.0 = Release|Any CPU
		{7A509E0E-D951-4D57-8779-3A4395E29F61}.Debug|Any CPU.ActiveCfg = Debug|Any CPU
		{7A509E0E-D951-4D57-8779-3A4395E29F61}.Debug|Any CPU.Build.0 = Debug|Any CPU
		{7A509E0E-D951-4D57-8779-3A4395E29F61}.Release|Any CPU.ActiveCfg = Release|Any CPU
		{7A509E0E-D951-4D57-8779-3A4395E29F61}.Release|Any CPU.Build.0 = Release|Any CPU
	EndGlobalSection
	GlobalSection(SolutionProperties) = preSolution
		HideSolutionNode = FALSE
	EndGlobalSection
EndGlobal
